{
  "name": "VR",
  "lockfileVersion": 2,
  "requires": true,
  "packages": {
    "": {
      "dependencies": {
        "webvr-boilerplate": "^0.5.0"
      }
    },
    "node_modules/cardboard-vr-display": {
      "version": "1.0.19",
      "resolved": "https://registry.npmjs.org/cardboard-vr-display/-/cardboard-vr-display-1.0.19.tgz",
      "integrity": "sha512-+MjcnWKAkb95p68elqZLDPzoiF/dGncQilLGvPBM5ZorABp/ao3lCs7nnRcYBckmuNkg1V/5rdGDKoUaCVsHzQ==",
      "dependencies": {
        "gl-preserve-state": "^1.0.0",
        "nosleep.js": "^0.7.0",
        "webvr-polyfill-dpdb": "^1.0.17"
      }
    },
    "node_modules/es6-promise": {
      "version": "4.2.8",
      "resolved": "https://registry.npmjs.org/es6-promise/-/es6-promise-4.2.8.tgz",
      "integrity": "sha512-HJDGx5daxeIvxdBxvG2cb9g4tEvwIk3i8+nhX0yGrYmZUzbkdg8QbDevheDB8gd0//uPj4c1EQua8Q+MViT0/w=="
    },
    "node_modules/eventemitter3": {
      "version": "2.0.3",
      "resolved": "https://registry.npmjs.org/eventemitter3/-/eventemitter3-2.0.3.tgz",
      "integrity": "sha1-teEHm1n7XhuidxwKmTvgYKWMmbo="
    },
    "node_modules/gl-preserve-state": {
      "version": "1.0.0",
      "resolved": "https://registry.npmjs.org/gl-preserve-state/-/gl-preserve-state-1.0.0.tgz",
      "integrity": "sha512-zQZ25l3haD4hvgJZ6C9+s0ebdkW9y+7U2qxvGu1uWOJh8a4RU+jURIKEQhf8elIlFpMH6CrAY2tH0mYrRjet3Q=="
    },
    "node_modules/nosleep.js": {
      "version": "0.7.0",
      "resolved": "https://registry.npmjs.org/nosleep.js/-/nosleep.js-0.7.0.tgz",
      "integrity": "sha1-z9kZwlUjyg0PSmn7MwXAg62u4ok="
    },
    "node_modules/screenfull": {
      "version": "3.3.3",
      "resolved": "https://registry.npmjs.org/screenfull/-/screenfull-3.3.3.tgz",
      "integrity": "sha512-DzYUuXr+OV2BDvYXaYzlYgJd4WXZZ2CW5NFC7Kw6TUCpzXJAx4MwlVD6CH+Mu6fi8rfAQIQfqdFZ4jtDsEkWig==",
      "engines": {
        "node": ">=0.10.0"
      }
    },
    "node_modules/three": {
      "version": "0.135.0",
      "resolved": "https://registry.npmjs.org/three/-/three-0.135.0.tgz",
      "integrity": "sha512-kuEpuuxRzLv0MDsXai9huCxOSQPZ4vje6y0gn80SRmQvgz6/+rI0NAvCRAw56zYaWKMGMfqKWsxF9Qa2Z9xymQ=="
    },
    "node_modules/webvr-boilerplate": {
      "version": "0.5.0",
      "resolved": "https://registry.npmjs.org/webvr-boilerplate/-/webvr-boilerplate-0.5.0.tgz",
      "integrity": "sha1-620tFBRQUCRURPkHiNekAduU/M4=",
      "dependencies": {
        "es6-promise": "latest",
        "three": "latest",
        "webvr-polyfill": "latest",
        "webvr-ui": "latest"
      }
    },
    "node_modules/webvr-polyfill": {
      "version": "0.10.12",
      "resolved": "https://registry.npmjs.org/webvr-polyfill/-/webvr-polyfill-0.10.12.tgz",
      "integrity": "sha512-trDJEVUQnRIVAnmImjEQ0BlL1NfuWl8+eaEdu+bs4g59c7OtETi/5tFkgEFDRaWEYwHntXs/uFF3OXZuutNGGA==",
      "dependencies": {
        "cardboard-vr-display": "^1.0.19"
      }
    },
    "node_modules/webvr-polyfill-dpdb": {
      "version": "1.0.18",
      "resolved": "https://registry.npmjs.org/webvr-polyfill-dpdb/-/webvr-polyfill-dpdb-1.0.18.tgz",
      "integrity": "sha512-O0S1ZGEWyPvyZEkS2VbyV7mtir/NM9MNK3EuhbHPoJ8EHTky2pTXehjIl+IiDPr+Lldgx129QGt3NGly7rwRPw=="
    },
    "node_modules/webvr-ui": {
      "version": "0.10.0",
      "resolved": "https://registry.npmjs.org/webvr-ui/-/webvr-ui-0.10.0.tgz",
      "integrity": "sha1-YeG+OsEoUCHcrZVMo4+4YKyNiMU=",
      "dependencies": {
        "eventemitter3": "^2.0.2",
        "screenfull": "^3.0.2"
      }
    }
  },
  "dependencies": {
    "cardboard-vr-display": {
      "version": "1.0.19",
      "resolved": "https://registry.npmjs.org/cardboard-vr-display/-/cardboard-vr-display-1.0.19.tgz",
      "integrity": "sha512-+MjcnWKAkb95p68elqZLDPzoiF/dGncQilLGvPBM5ZorABp/ao3lCs7nnRcYBckmuNkg1V/5rdGDKoUaCVsHzQ==",
      "requires": {
        "gl-preserve-state": "^1.0.0",
        "nosleep.js": "^0.7.0",
        "webvr-polyfill-dpdb": "^1.0.17"
      }
    },
    "es6-promise": {
      "version": "4.2.8",
      "resolved": "https://registry.npmjs.org/es6-promise/-/es6-promise-4.2.8.tgz",
      "integrity": "sha512-HJDGx5daxeIvxdBxvG2cb9g4tEvwIk3i8+nhX0yGrYmZUzbkdg8QbDevheDB8gd0//uPj4c1EQua8Q+MViT0/w=="
    },
    "eventemitter3": {
      "version": "2.0.3",
      "resolved": "https://registry.npmjs.org/eventemitter3/-/eventemitter3-2.0.3.tgz",
      "integrity": "sha1-teEHm1n7XhuidxwKmTvgYKWMmbo="
    },
    "gl-preserve-state": {
      "version": "1.0.0",
      "resolved": "https://registry.npmjs.org/gl-preserve-state/-/gl-preserve-state-1.0.0.tgz",
      "integrity": "sha512-zQZ25l3haD4hvgJZ6C9+s0ebdkW9y+7U2qxvGu1uWOJh8a4RU+jURIKEQhf8elIlFpMH6CrAY2tH0mYrRjet3Q=="
    },
    "nosleep.js": {
      "version": "0.7.0",
      "resolved": "https://registry.npmjs.org/nosleep.js/-/nosleep.js-0.7.0.tgz",
      "integrity": "sha1-z9kZwlUjyg0PSmn7MwXAg62u4ok="
    },
    "screenfull": {
      "version": "3.3.3",
      "resolved": "https://registry.npmjs.org/screenfull/-/screenfull-3.3.3.tgz",
      "integrity": "sha512-DzYUuXr+OV2BDvYXaYzlYgJd4WXZZ2CW5NFC7Kw6TUCpzXJAx4MwlVD6CH+Mu6fi8rfAQIQfqdFZ4jtDsEkWig=="
    },
    "three": {
      "version": "0.135.0",
      "resolved": "https://registry.npmjs.org/three/-/three-0.135.0.tgz",
      "integrity": "sha512-kuEpuuxRzLv0MDsXai9huCxOSQPZ4vje6y0gn80SRmQvgz6/+rI0NAvCRAw56zYaWKMGMfqKWsxF9Qa2Z9xymQ=="
    },
    "webvr-boilerplate": {
      "version": "0.5.0",
      "resolved": "https://registry.npmjs.org/webvr-boilerplate/-/webvr-boilerplate-0.5.0.tgz",
      "integrity": "sha1-620tFBRQUCRURPkHiNekAduU/M4=",
      "requires": {
        "es6-promise": "latest",
        "three": "latest",
        "webvr-polyfill": "latest",
        "webvr-ui": "latest"
      }
    },
    "webvr-polyfill": {
      "version": "0.10.12",
      "resolved": "https://registry.npmjs.org/webvr-polyfill/-/webvr-polyfill-0.10.12.tgz",
      "integrity": "sha512-trDJEVUQnRIVAnmImjEQ0BlL1NfuWl8+eaEdu+bs4g59c7OtETi/5tFkgEFDRaWEYwHntXs/uFF3OXZuutNGGA==",
      "requires": {
        "cardboard-vr-display": "^1.0.19"
      }
    },
    "webvr-polyfill-dpdb": {
      "version": "1.0.18",
      "resolved": "https://registry.npmjs.org/webvr-polyfill-dpdb/-/webvr-polyfill-dpdb-1.0.18.tgz",
      "integrity": "sha512-O0S1ZGEWyPvyZEkS2VbyV7mtir/NM9MNK3EuhbHPoJ8EHTky2pTXehjIl+IiDPr+Lldgx129QGt3NGly7rwRPw=="
    },
    "webvr-ui": {
      "version": "0.10.0",
      "resolved": "https://registry.npmjs.org/webvr-ui/-/webvr-ui-0.10.0.tgz",
      "integrity": "sha1-YeG+OsEoUCHcrZVMo4+4YKyNiMU=",
      "requires": {
        "eventemitter3": "^2.0.2",
        "screenfull": "^3.0.2"
      }
    }
  }
}
